// !$*UTF8*$!
{
	archiveVersion = 1;
	classes = {
	};
	objectVersion = 50;
	objects = {

/* Begin PBXBuildFile section */
		44A0F4CC25BE7920002CB191 /* AppDelegate.swift in Sources */ = {isa = PBXBuildFile; fileRef = 44A0F4CB25BE7920002CB191 /* AppDelegate.swift */; };
		44A0F4CE25BE7920002CB191 /* SceneDelegate.swift in Sources */ = {isa = PBXBuildFile; fileRef = 44A0F4CD25BE7920002CB191 /* SceneDelegate.swift */; };
		44A0F4D525BE7923002CB191 /* Assets.xcassets in Resources */ = {isa = PBXBuildFile; fileRef = 44A0F4D425BE7923002CB191 /* Assets.xcassets */; };
		44A0F4D825BE7923002CB191 /* LaunchScreen.storyboard in Resources */ = {isa = PBXBuildFile; fileRef = 44A0F4D625BE7923002CB191 /* LaunchScreen.storyboard */; };
		44A0F4E525BE79B0002CB191 /* ContainerController.swift in Sources */ = {isa = PBXBuildFile; fileRef = 44A0F4E425BE79B0002CB191 /* ContainerController.swift */; };
		44A0F4E825BE79CA002CB191 /* MenuController.swift in Sources */ = {isa = PBXBuildFile; fileRef = 44A0F4E725BE79CA002CB191 /* MenuController.swift */; };
		44A0F4EB25BE79E5002CB191 /* HomeController.swift in Sources */ = {isa = PBXBuildFile; fileRef = 44A0F4EA25BE79E5002CB191 /* HomeController.swift */; };
		44A0F4F025BE88CF002CB191 /* MenuCell.swift in Sources */ = {isa = PBXBuildFile; fileRef = 44A0F4EF25BE88CF002CB191 /* MenuCell.swift */; };
		44A0F4F325BE88FE002CB191 /* UILabel + Extension.swift in Sources */ = {isa = PBXBuildFile; fileRef = 44A0F4F225BE88FE002CB191 /* UILabel + Extension.swift */; };
		44A0F4F625BE8987002CB191 /* Constants.swift in Sources */ = {isa = PBXBuildFile; fileRef = 44A0F4F525BE8987002CB191 /* Constants.swift */; };
		44E10CB025BEB1F30014533E /* UINavigationBar + Entension.swift in Sources */ = {isa = PBXBuildFile; fileRef = 44E10CAF25BEB1F30014533E /* UINavigationBar + Entension.swift */; };
/* End PBXBuildFile section */

/* Begin PBXFileReference section */
		44A0F4C825BE7920002CB191 /* SideMenuApp-3.app */ = {isa = PBXFileReference; explicitFileType = wrapper.application; includeInIndex = 0; path = "SideMenuApp-3.app"; sourceTree = BUILT_PRODUCTS_DIR; };
		44A0F4CB25BE7920002CB191 /* AppDelegate.swift */ = {isa = PBXFileReference; lastKnownFileType = sourcecode.swift; path = AppDelegate.swift; sourceTree = "<group>"; };
		44A0F4CD25BE7920002CB191 /* SceneDelegate.swift */ = {isa = PBXFileReference; lastKnownFileType = sourcecode.swift; path = SceneDelegate.swift; sourceTree = "<group>"; };
		44A0F4D425BE7923002CB191 /* Assets.xcassets */ = {isa = PBXFileReference; lastKnownFileType = folder.assetcatalog; path = Assets.xcassets; sourceTree = "<group>"; };
		44A0F4D725BE7923002CB191 /* Base */ = {isa = PBXFileReference; lastKnownFileType = file.storyboard; name = Base; path = Base.lproj/LaunchScreen.storyboard; sourceTree = "<group>"; };
		44A0F4D925BE7923002CB191 /* Info.plist */ = {isa = PBXFileReference; lastKnownFileType = text.plist.xml; path = Info.plist; sourceTree = "<group>"; };
		44A0F4E425BE79B0002CB191 /* ContainerController.swift */ = {isa = PBXFileReference; lastKnownFileType = sourcecode.swift; path = ContainerController.swift; sourceTree = "<group>"; };
		44A0F4E725BE79CA002CB191 /* MenuController.swift */ = {isa = PBXFileReference; lastKnownFileType = sourcecode.swift; path = MenuController.swift; sourceTree = "<group>"; };
		44A0F4EA25BE79E5002CB191 /* HomeController.swift */ = {isa = PBXFileReference; lastKnownFileType = sourcecode.swift; path = HomeController.swift; sourceTree = "<group>"; };
		44A0F4EF25BE88CF002CB191 /* MenuCell.swift */ = {isa = PBXFileReference; lastKnownFileType = sourcecode.swift; path = MenuCell.swift; sourceTree = "<group>"; };
		44A0F4F225BE88FE002CB191 /* UILabel + Extension.swift */ = {isa = PBXFileReference; lastKnownFileType = sourcecode.swift; path = "UILabel + Extension.swift"; sourceTree = "<group>"; };
		44A0F4F525BE8987002CB191 /* Constants.swift */ = {isa = PBXFileReference; lastKnownFileType = sourcecode.swift; path = Constants.swift; sourceTree = "<group>"; };
		44E10CAF25BEB1F30014533E /* UINavigationBar + Entension.swift */ = {isa = PBXFileReference; lastKnownFileType = sourcecode.swift; path = "UINavigationBar + Entension.swift"; sourceTree = "<group>"; };
/* End PBXFileReference section */

/* Begin PBXFrameworksBuildPhase section */
		44A0F4C525BE7920002CB191 /* Frameworks */ = {
			isa = PBXFrameworksBuildPhase;
			buildActionMask = 2147483647;
			files = (
			);
			runOnlyForDeploymentPostprocessing = 0;
		};
/* End PBXFrameworksBuildPhase section */

/* Begin PBXGroup section */
		44A0F4BF25BE7920002CB191 = {
			isa = PBXGroup;
			children = (
				44A0F4CA25BE7920002CB191 /* SideMenuApp-3 */,
				44A0F4C925BE7920002CB191 /* Products */,
			);
			sourceTree = "<group>";
		};
		44A0F4C925BE7920002CB191 /* Products */ = {
			isa = PBXGroup;
			children = (
				44A0F4C825BE7920002CB191 /* SideMenuApp-3.app */,
			);
			name = Products;
			sourceTree = "<group>";
		};
		44A0F4CA25BE7920002CB191 /* SideMenuApp-3 */ = {
			isa = PBXGroup;
			children = (
				44A0F4CB25BE7920002CB191 /* AppDelegate.swift */,
				44A0F4CD25BE7920002CB191 /* SceneDelegate.swift */,
				44A0F4E325BE7989002CB191 /* Utils */,
				44A0F4E025BE797E002CB191 /* Controllers */,
				44E10CA625BEAC970014533E /* Cells */,
				44A0F4D425BE7923002CB191 /* Assets.xcassets */,
				44A0F4D625BE7923002CB191 /* LaunchScreen.storyboard */,
				44A0F4D925BE7923002CB191 /* Info.plist */,
			);
			path = "SideMenuApp-3";
			sourceTree = "<group>";
		};
		44A0F4E025BE797E002CB191 /* Controllers */ = {
			isa = PBXGroup;
			children = (
				44A0F4E425BE79B0002CB191 /* ContainerController.swift */,
				44A0F4EA25BE79E5002CB191 /* HomeController.swift */,
				44A0F4E725BE79CA002CB191 /* MenuController.swift */,
			);
			path = Controllers;
			sourceTree = "<group>";
		};
		44A0F4E325BE7989002CB191 /* Utils */ = {
			isa = PBXGroup;
			children = (
				44A0F4F525BE8987002CB191 /* Constants.swift */,
				44E10CAF25BEB1F30014533E /* UINavigationBar + Entension.swift */,
				44A0F4F225BE88FE002CB191 /* UILabel + Extension.swift */,
			);
			path = Utils;
			sourceTree = "<group>";
		};
		44E10CA625BEAC970014533E /* Cells */ = {
			isa = PBXGroup;
			children = (
				44A0F4EF25BE88CF002CB191 /* MenuCell.swift */,
			);
			path = Cells;
			sourceTree = "<group>";
		};
/* End PBXGroup section */

/* Begin PBXNativeTarget section */
		44A0F4C725BE7920002CB191 /* SideMenuApp-3 */ = {
			isa = PBXNativeTarget;
			buildConfigurationList = 44A0F4DC25BE7923002CB191 /* Build configuration list for PBXNativeTarget "SideMenuApp-3" */;
			buildPhases = (
				44A0F4C425BE7920002CB191 /* Sources */,
				44A0F4C525BE7920002CB191 /* Frameworks */,
				44A0F4C625BE7920002CB191 /* Resources */,
			);
			buildRules = (
			);
			dependencies = (
			);
			name = "SideMenuApp-3";
			productName = "SideMenuApp-3";
			productReference = 44A0F4C825BE7920002CB191 /* SideMenuApp-3.app */;
			productType = "com.apple.product-type.application";
		};
/* End PBXNativeTarget section */

/* Begin PBXProject section */
		44A0F4C025BE7920002CB191 /* Project object */ = {
			isa = PBXProject;
			attributes = {
				LastSwiftUpdateCheck = 1230;
				LastUpgradeCheck = 1230;
				TargetAttributes = {
					44A0F4C725BE7920002CB191 = {
						CreatedOnToolsVersion = 12.3;
					};
				};
			};
			buildConfigurationList = 44A0F4C325BE7920002CB191 /* Build configuration list for PBXProject "SideMenuApp-3" */;
			compatibilityVersion = "Xcode 9.3";
			developmentRegion = en;
			hasScannedForEncodings = 0;
			knownRegions = (
				en,
				Base,
			);
			mainGroup = 44A0F4BF25BE7920002CB191;
			productRefGroup = 44A0F4C925BE7920002CB191 /* Products */;
			projectDirPath = "";
			projectRoot = "";
			targets = (
				44A0F4C725BE7920002CB191 /* SideMenuApp-3 */,
			);
		};
/* End PBXProject section */

/* Begin PBXResourcesBuildPhase section */
		44A0F4C625BE7920002CB191 /* Resources */ = {
			isa = PBXResourcesBuildPhase;
			buildActionMask = 2147483647;
			files = (
				44A0F4D825BE7923002CB191 /* LaunchScreen.storyboard in Resources */,
				44A0F4D525BE7923002CB191 /* Assets.xcassets in Resources */,
			);
			runOnlyForDeploymentPostprocessing = 0;
		};
/* End PBXResourcesBuildPhase section */

/* Begin PBXSourcesBuildPhase section */
		44A0F4C425BE7920002CB191 /* Sources */ = {
			isa = PBXSourcesBuildPhase;
			buildActionMask = 2147483647;
			files = (
				44E10CB025BEB1F30014533E /* UINavigationBar + Entension.swift in Sources */,
				44A0F4E825BE79CA002CB191 /* MenuController.swift in Sources */,
				44A0F4EB25BE79E5002CB191 /* HomeController.swift in Sources */,
				44A0F4F025BE88CF002CB191 /* MenuCell.swift in Sources */,
				44A0F4CC25BE7920002CB191 /* AppDelegate.swift in Sources */,
				44A0F4CE25BE7920002CB191 /* SceneDelegate.swift in Sources */,
				44A0F4E525BE79B0002CB191 /* ContainerController.swift in Sources */,
				44A0F4F325BE88FE002CB191 /* UILabel + Extension.swift in Sources */,
				44A0F4F625BE8987002CB191 /* Constants.swift in Sources */,
			);
			runOnlyForDeploymentPostprocessing = 0;
		};
/* End PBXSourcesBuildPhase section */

/* Begin PBXVariantGroup section */
		44A0F4D625BE7923002CB191 /* LaunchScreen.storyboard */ = {
			isa = PBXVariantGroup;
			children = (
				44A0F4D725BE7923002CB191 /* Base */,
			);
			name = LaunchScreen.storyboard;
			sourceTree = "<group>";
		};
/* End PBXVariantGroup section */

/* Begin XCBuildConfiguration section */
		44A0F4DA25BE7923002CB191 /* Debug */ = {
			isa = XCBuildConfiguration;
			buildSettings = {
				ALWAYS_SEARCH_USER_PATHS = NO;
				CLANG_ANALYZER_NONNULL = YES;
				CLANG_ANALYZER_NUMBER_OBJECT_CONVERSION = YES_AGGRESSIVE;
				CLANG_CXX_LANGUAGE_STANDARD = "gnu++14";
				CLANG_CXX_LIBRARY = "libc++";
				CLANG_ENABLE_MODULES = YES;
				CLANG_ENABLE_OBJC_ARC = YES;
				CLANG_ENABLE_OBJC_WEAK = YES;
				CLANG_WARN_BLOCK_CAPTURE_AUTORELEASING = YES;
				CLANG_WARN_BOOL_CONVERSION = YES;
				CLANG_WARN_COMMA = YES;
				CLANG_WARN_CONSTANT_CONVERSION = YES;
				CLANG_WARN_DEPRECATED_OBJC_IMPLEMENTATIONS = YES;
				CLANG_WARN_DIRECT_OBJC_ISA_USAGE = YES_ERROR;
				CLANG_WARN_DOCUMENTATION_COMMENTS = YES;
				CLANG_WARN_EMPTY_BODY = YES;
				CLANG_WARN_ENUM_CONVERSION = YES;
				CLANG_WARN_INFINITE_RECURSION = YES;
				CLANG_WARN_INT_CONVERSION = YES;
				CLANG_WARN_NON_LITERAL_NULL_CONVERSION = YES;
				CLANG_WARN_OBJC_IMPLICIT_RETAIN_SELF = YES;
				CLANG_WARN_OBJC_LITERAL_CONVERSION = YES;
				CLANG_WARN_OBJC_ROOT_CLASS = YES_ERROR;
				CLANG_WARN_QUOTED_INCLUDE_IN_FRAMEWORK_HEADER = YES;
				CLANG_WARN_RANGE_LOOP_ANALYSIS = YES;
				CLANG_WARN_STRICT_PROTOTYPES = YES;
				CLANG_WARN_SUSPICIOUS_MOVE = YES;
				CLANG_WARN_UNGUARDED_AVAILABILITY = YES_AGGRESSIVE;
				CLANG_WARN_UNREACHABLE_CODE = YES;
				CLANG_WARN__DUPLICATE_METHOD_MATCH = YES;
				COPY_PHASE_STRIP = NO;
				DEBUG_INFORMATION_FORMAT = dwarf;
				ENABLE_STRICT_OBJC_MSGSEND = YES;
				ENABLE_TESTABILITY = YES;
				GCC_C_LANGUAGE_STANDARD = gnu11;
				GCC_DYNAMIC_NO_PIC = NO;
				GCC_NO_COMMON_BLOCKS = YES;
				GCC_OPTIMIZATION_LEVEL = 0;
				GCC_PREPROCESSOR_DEFINITIONS = (
					"DEBUG=1",
					"$(inherited)",
				);
				GCC_WARN_64_TO_32_BIT_CONVERSION = YES;
				GCC_WARN_ABOUT_RETURN_TYPE = YES_ERROR;
				GCC_WARN_UNDECLARED_SELECTOR = YES;
				GCC_WARN_UNINITIALIZED_AUTOS = YES_AGGRESSIVE;
				GCC_WARN_UNUSED_FUNCTION = YES;
				GCC_WARN_UNUSED_VARIABLE = YES;
				IPHONEOS_DEPLOYMENT_TARGET = 14.3;
				MTL_ENABLE_DEBUG_INFO = INCLUDE_SOURCE;
				MTL_FAST_MATH = YES;
				ONLY_ACTIVE_ARCH = YES;
				SDKROOT = iphoneos;
				SWIFT_ACTIVE_COMPILATION_CONDITIONS = DEBUG;
				SWIFT_OPTIMIZATION_LEVEL = "-Onone";
			};
			name = Debug;
		};
		44A0F4DB25BE7923002CB191 /* Release */ = {
			isa = XCBuildConfiguration;
			buildSettings = {
				ALWAYS_SEARCH_USER_PATHS = NO;
				CLANG_ANALYZER_NONNULL = YES;
				CLANG_ANALYZER_NUMBER_OBJECT_CONVERSION = YES_AGGRESSIVE;
				CLANG_CXX_LANGUAGE_STANDARD = "gnu++14";
				CLANG_CXX_LIBRARY = "libc++";
				CLANG_ENABLE_MODULES = YES;
				CLANG_ENABLE_OBJC_ARC = YES;
				CLANG_ENABLE_OBJC_WEAK = YES;
				CLANG_WARN_BLOCK_CAPTURE_AUTORELEASING = YES;
				CLANG_WARN_BOOL_CONVERSION = YES;
				CLANG_WARN_COMMA = YES;
				CLANG_WARN_CONSTANT_CONVERSION = YES;
				CLANG_WARN_DEPRECATED_OBJC_IMPLEMENTATIONS = YES;
				CLANG_WARN_DIRECT_OBJC_ISA_USAGE = YES_ERROR;
				CLANG_WARN_DOCUMENTATION_COMMENTS = YES;
				CLANG_WARN_EMPTY_BODY = YES;
				CLANG_WARN_ENUM_CONVERSION = YES;
				CLANG_WARN_INFINITE_RECURSION = YES;
				CLANG_WARN_INT_CONVERSION = YES;
				CLANG_WARN_NON_LITERAL_NULL_CONVERSION = YES;
				CLANG_WARN_OBJC_IMPLICIT_RETAIN_SELF = YES;
				CLANG_WARN_OBJC_LITERAL_CONVERSION = YES;
				CLANG_WARN_OBJC_ROOT_CLASS = YES_ERROR;
				CLANG_WARN_QUOTED_INCLUDE_IN_FRAMEWORK_HEADER = YES;
				CLANG_WARN_RANGE_LOOP_ANALYSIS = YES;
				CLANG_WARN_STRICT_PROTOTYPES = YES;
				CLANG_WARN_SUSPICIOUS_MOVE = YES;
				CLANG_WARN_UNGUARDED_AVAILABILITY = YES_AGGRESSIVE;
				CLANG_WARN_UNREACHABLE_CODE = YES;
				CLANG_WARN__DUPLICATE_METHOD_MATCH = YES;
				COPY_PHASE_STRIP = NO;
				DEBUG_INFORMATION_FORMAT = "dwarf-with-dsym";
				ENABLE_NS_ASSERTIONS = NO;
				ENABLE_STRICT_OBJC_MSGSEND = YES;
				GCC_C_LANGUAGE_STANDARD = gnu11;
				GCC_NO_COMMON_BLOCKS = YES;
				GCC_WARN_64_TO_32_BIT_CONVERSION = YES;
				GCC_WARN_ABOUT_RETURN_TYPE = YES_ERROR;
				GCC_WARN_UNDECLARED_SELECTOR = YES;
				GCC_WARN_UNINITIALIZED_AUTOS = YES_AGGRESSIVE;
				GCC_WARN_UNUSED_FUNCTION = YES;
				GCC_WARN_UNUSED_VARIABLE = YES;
				IPHONEOS_DEPLOYMENT_TARGET = 14.3;
				MTL_ENABLE_DEBUG_INFO = NO;
				MTL_FAST_MATH = YES;
				SDKROOT = iphoneos;
				SWIFT_COMPILATION_MODE = wholemodule;
				SWIFT_OPTIMIZATION_LEVEL = "-O";
				VALIDATE_PRODUCT = YES;
			};
			name = Release;
		};
		44A0F4DD25BE7923002CB191 /* Debug */ = {
			isa = XCBuildConfiguration;
			buildSettings = {
				ASSETCATALOG_COMPILER_APPICON_NAME = AppIcon;
				ASSETCATALOG_COMPILER_GLOBAL_ACCENT_COLOR_NAME = AccentColor;
				CODE_SIGN_STYLE = Automatic;
				DEVELOPMENT_TEAM = CA72R6B357;
				INFOPLIST_FILE = "SideMenuApp-3/Info.plist";
				LD_RUNPATH_SEARCH_PATHS = (
					"$(inherited)",
					"@executable_path/Frameworks",
				);
				PRODUCT_BUNDLE_IDENTIFIER = "com.Eugene-uskov.SideMenuApp-3";
				PRODUCT_NAME = "$(TARGET_NAME)";
				SWIFT_VERSION = 5.0;
				TARGETED_DEVICE_FAMILY = "1,2";
			};
			name = Debug;
		};
		44A0F4DE25BE7923002CB191 /* Release */ = {
			isa = XCBuildConfiguration;
			buildSettings = {
				ASSETCATALOG_COMPILER_APPICON_NAME = AppIcon;
				ASSETCATALOG_COMPILER_GLOBAL_ACCENT_COLOR_NAME = AccentColor;
				CODE_SIGN_STYLE = Automatic;
				DEVELOPMENT_TEAM = CA72R6B357;
				INFOPLIST_FILE = "SideMenuApp-3/Info.plist";
				LD_RUNPATH_SEARCH_PATHS = (
					"$(inherited)",
					"@executable_path/Frameworks",
				);
				PRODUCT_BUNDLE_IDENTIFIER = "com.Eugene-uskov.SideMenuApp-3";
				PRODUCT_NAME = "$(TARGET_NAME)";
				SWIFT_VERSION = 5.0;
				TARGETED_DEVICE_FAMILY = "1,2";
			};
			name = Release;
		};
/* End XCBuildConfiguration section */

/* Begin XCConfigurationList section */
		44A0F4C325BE7920002CB191 /* Build configuration list for PBXProject "SideMenuApp-3" */ = {
			isa = XCConfigurationList;
			buildConfigurations = (
				44A0F4DA25BE7923002CB191 /* Debug */,
				44A0F4DB25BE7923002CB191 /* Release */,
			);
			defaultConfigurationIsVisible = 0;
			defaultConfigurationName = Release;
		};
		44A0F4DC25BE7923002CB191 /* Build configuration list for PBXNativeTarget "SideMenuApp-3" */ = {
			isa = XCConfigurationList;
			buildConfigurations = (
				44A0F4DD25BE7923002CB191 /* Debug */,
				44A0F4DE25BE7923002CB191 /* Release */,
			);
			defaultConfigurationIsVisible = 0;
			defaultConfigurationName = Release;
		};
/* End XCConfigurationList section */
	};
	rootObject = 44A0F4C025BE7920002CB191 /* Project object */;
}
